
Microsoft Visual Studio Solution File, Format Version 12.00
# Visual Studio Version 16
VisualStudioVersion = 16.0.31129.286
MinimumVisualStudioVersion = 10.0.40219.1
Project("{FAE04EC0-301F-11D3-BF4B-00C04F79EFBC}") = "ZippSafe", "ZippSafe\ZippSafe.csproj", "{272F7153-5DAD-4380-B9E8-0D1C5C444D2F}"
EndProject
Global
	GlobalSection(SolutionConfigurationPlatforms) = preSolution
		Debug|Any CPU = Debug|Any CPU
		Release|Any CPU = Release|Any CPU
	EndGlobalSection
	GlobalSection(ProjectConfigurationPlatforms) = postSolution
		{272F7153-5DAD-4380-B9E8-0D1C5C444D2F}.Debug|Any CPU.ActiveCfg = Debug|Any CPU
		{272F7153-5DAD-4380-B9E8-0D1C5C444D2F}.Debug|Any CPU.Build.0 = Debug|Any CPU
		{272F7153-5DAD-4380-B9E8-0D1C5C444D2F}.Release|Any CPU.ActiveCfg = Release|Any CPU
		{272F7153-5DAD-4380-B9E8-0D1C5C444D2F}.Release|Any CPU.Build.0 = Release|Any CPU
	EndGlobalSection
	GlobalSection(SolutionProperties) = preSolution
		HideSolutionNode = FALSE
	EndGlobalSection
	GlobalSection(ExtensibilityGlobals) = postSolution
		SolutionGuid = {66B57ED8-3CC6-414E-A517-204B4BBDFFB7}
	EndGlobalSection
EndGlobal
